
Microsoft Visual Studio Solution File, Format Version 12.00
# Visual Studio Version 16
VisualStudioVersion = 16.0.30204.135
MinimumVisualStudioVersion = 10.0.40219.1
Project("{9A19103F-16F7-4668-BE54-9A1E7A4F7556}") = "A6k.Nats", "A6k.Nats\A6k.Nats.csproj", "{6F2435C7-DE2C-49FE-AEA3-75ACDEFF6619}"
EndProject
Project("{9A19103F-16F7-4668-BE54-9A1E7A4F7556}") = "A6k.Nats.Tests", "A6k.Nats.Tests\A6k.Nats.Tests.csproj", "{029ABA57-CB3A-4141-8811-A2FA6AFACA66}"
EndProject
Project("{FAE04EC0-301F-11D3-BF4B-00C04F79EFBC}") = "NatsConsole", "NatsConsole\NatsConsole.csproj", "{03D58C4D-B739-4958-90A5-36DEA0AAAA0C}"
EndProject
Project("{9A19103F-16F7-4668-BE54-9A1E7A4F7556}") = "Bedrock.Framework", "BedrockFramework\src\Bedrock.Framework\Bedrock.Framework.csproj", "{5D6E8AFA-5470-4E16-A407-A591DBC39407}"
EndProject
Global
	GlobalSection(SolutionConfigurationPlatforms) = preSolution
		Debug|Any CPU = Debug|Any CPU
		Release|Any CPU = Release|Any CPU
	EndGlobalSection
	GlobalSection(ProjectConfigurationPlatforms) = postSolution
		{6F2435C7-DE2C-49FE-AEA3-75ACDEFF6619}.Debug|Any CPU.ActiveCfg = Debug|Any CPU
		{6F2435C7-DE2C-49FE-AEA3-75ACDEFF6619}.Debug|Any CPU.Build.0 = Debug|Any CPU
		{6F2435C7-DE2C-49FE-AEA3-75ACDEFF6619}.Release|Any CPU.ActiveCfg = Release|Any CPU
		{6F2435C7-DE2C-49FE-AEA3-75ACDEFF6619}.Release|Any CPU.Build.0 = Release|Any CPU
		{029ABA57-CB3A-4141-8811-A2FA6AFACA66}.Debug|Any CPU.ActiveCfg = Debug|Any CPU
		{029ABA57-CB3A-4141-8811-A2FA6AFACA66}.Debug|Any CPU.Build.0 = Debug|Any CPU
		{029ABA57-CB3A-4141-8811-A2FA6AFACA66}.Release|Any CPU.ActiveCfg = Release|Any CPU
		{029ABA57-CB3A-4141-8811-A2FA6AFACA66}.Release|Any CPU.Build.0 = Release|Any CPU
		{03D58C4D-B739-4958-90A5-36DEA0AAAA0C}.Debug|Any CPU.ActiveCfg = Debug|Any CPU
		{03D58C4D-B739-4958-90A5-36DEA0AAAA0C}.Debug|Any CPU.Build.0 = Debug|Any CPU
		{03D58C4D-B739-4958-90A5-36DEA0AAAA0C}.Release|Any CPU.ActiveCfg = Release|Any CPU
		{03D58C4D-B739-4958-90A5-36DEA0AAAA0C}.Release|Any CPU.Build.0 = Release|Any CPU
		{5D6E8AFA-5470-4E16-A407-A591DBC39407}.Debug|Any CPU.ActiveCfg = Debug|Any CPU
		{5D6E8AFA-5470-4E16-A407-A591DBC39407}.Debug|Any CPU.Build.0 = Debug|Any CPU
		{5D6E8AFA-5470-4E16-A407-A591DBC39407}.Release|Any CPU.ActiveCfg = Release|Any CPU
		{5D6E8AFA-5470-4E16-A407-A591DBC39407}.Release|Any CPU.Build.0 = Release|Any CPU
	EndGlobalSection
	GlobalSection(SolutionProperties) = preSolution
		HideSolutionNode = FALSE
	EndGlobalSection
	GlobalSection(ExtensibilityGlobals) = postSolution
		SolutionGuid = {EF2F05CD-48F8-4149-9574-F58596B9A636}
	EndGlobalSection
EndGlobal
